
Microsoft Visual Studio Solution File, Format Version 12.00
# Visual Studio Version 17
VisualStudioVersion = 17.14.36401.2 d17.14
MinimumVisualStudioVersion = 10.0.40219.1
Project("{FAE04EC0-301F-11D3-BF4B-00C04F79EFBC}") = "Ndc_jquery_ajax", "Ndc_jquery_ajax.csproj", "{51642C12-5630-4EE8-8BDC-947031F87D97}"
EndProject
Global
	GlobalSection(SolutionConfigurationPlatforms) = preSolution
		Debug|Any CPU = Debug|Any CPU
		Release|Any CPU = Release|Any CPU
	EndGlobalSection
	GlobalSection(ProjectConfigurationPlatforms) = postSolution
		{51642C12-5630-4EE8-8BDC-947031F87D97}.Debug|Any CPU.ActiveCfg = Debug|Any CPU
		{51642C12-5630-4EE8-8BDC-947031F87D97}.Debug|Any CPU.Build.0 = Debug|Any CPU
		{51642C12-5630-4EE8-8BDC-947031F87D97}.Release|Any CPU.ActiveCfg = Release|Any CPU
		{51642C12-5630-4EE8-8BDC-947031F87D97}.Release|Any CPU.Build.0 = Release|Any CPU
	EndGlobalSection
	GlobalSection(SolutionProperties) = preSolution
		HideSolutionNode = FALSE
	EndGlobalSection
	GlobalSection(ExtensibilityGlobals) = postSolution
		SolutionGuid = {C82458E6-D7AA-4EEE-B7A4-4675C68C271A}
	EndGlobalSection
EndGlobal
